
Microsoft Visual Studio Solution File, Format Version 12.00
# Visual Studio Version 16
VisualStudioVersion = 16.0.31624.102
MinimumVisualStudioVersion = 10.0.40219.1
Project("{FAE04EC0-301F-11D3-BF4B-00C04F79EFBC}") = "Application", "Application\Application.csproj", "{6A1D5BEE-BBCA-43F9-A71F-D770BEEE1635}"
EndProject
Project("{FAE04EC0-301F-11D3-BF4B-00C04F79EFBC}") = "Domain", "Domain\Domain.csproj", "{26D6C141-0C47-4769-BEBD-BB6490037602}"
EndProject
Project("{FAE04EC0-301F-11D3-BF4B-00C04F79EFBC}") = "Infrastructure", "Infrastructure\Infrastructure.csproj", "{A29A12B8-EED8-42CD-B95C-2EC74CDC48BF}"
EndProject
Project("{FAE04EC0-301F-11D3-BF4B-00C04F79EFBC}") = "OrderProducer.Api", "OrderProducer.Api\OrderProducer.Api.csproj", "{083CE82E-A272-4E95-8B96-966B0DD1CB04}"
EndProject
Global
	GlobalSection(SolutionConfigurationPlatforms) = preSolution
		Debug|Any CPU = Debug|Any CPU
		Release|Any CPU = Release|Any CPU
	EndGlobalSection
	GlobalSection(ProjectConfigurationPlatforms) = postSolution
		{6A1D5BEE-BBCA-43F9-A71F-D770BEEE1635}.Debug|Any CPU.ActiveCfg = Debug|Any CPU
		{6A1D5BEE-BBCA-43F9-A71F-D770BEEE1635}.Debug|Any CPU.Build.0 = Debug|Any CPU
		{6A1D5BEE-BBCA-43F9-A71F-D770BEEE1635}.Release|Any CPU.ActiveCfg = Release|Any CPU
		{6A1D5BEE-BBCA-43F9-A71F-D770BEEE1635}.Release|Any CPU.Build.0 = Release|Any CPU
		{26D6C141-0C47-4769-BEBD-BB6490037602}.Debug|Any CPU.ActiveCfg = Debug|Any CPU
		{26D6C141-0C47-4769-BEBD-BB6490037602}.Debug|Any CPU.Build.0 = Debug|Any CPU
		{26D6C141-0C47-4769-BEBD-BB6490037602}.Release|Any CPU.ActiveCfg = Release|Any CPU
		{26D6C141-0C47-4769-BEBD-BB6490037602}.Release|Any CPU.Build.0 = Release|Any CPU
		{A29A12B8-EED8-42CD-B95C-2EC74CDC48BF}.Debug|Any CPU.ActiveCfg = Debug|Any CPU
		{A29A12B8-EED8-42CD-B95C-2EC74CDC48BF}.Debug|Any CPU.Build.0 = Debug|Any CPU
		{A29A12B8-EED8-42CD-B95C-2EC74CDC48BF}.Release|Any CPU.ActiveCfg = Release|Any CPU
		{A29A12B8-EED8-42CD-B95C-2EC74CDC48BF}.Release|Any CPU.Build.0 = Release|Any CPU
		{083CE82E-A272-4E95-8B96-966B0DD1CB04}.Debug|Any CPU.ActiveCfg = Debug|Any CPU
		{083CE82E-A272-4E95-8B96-966B0DD1CB04}.Debug|Any CPU.Build.0 = Debug|Any CPU
		{083CE82E-A272-4E95-8B96-966B0DD1CB04}.Release|Any CPU.ActiveCfg = Release|Any CPU
		{083CE82E-A272-4E95-8B96-966B0DD1CB04}.Release|Any CPU.Build.0 = Release|Any CPU
	EndGlobalSection
	GlobalSection(SolutionProperties) = preSolution
		HideSolutionNode = FALSE
	EndGlobalSection
	GlobalSection(ExtensibilityGlobals) = postSolution
		SolutionGuid = {F238E44F-6BA2-4B8F-84F7-8DF17DDE2831}
	EndGlobalSection
EndGlobal
